// !$*UTF8*$!
{
	archiveVersion = 1;
	classes = {
	};
	objectVersion = 52;
	objects = {

/* Begin PBXBuildFile section */
		BC29ABAF26BAF9010040F725 /* SettingsViewModel.swift in Sources */ = {isa = PBXBuildFile; fileRef = BC29ABAE26BAF9010040F725 /* SettingsViewModel.swift */; };
		BC29ABB526BAF94D0040F725 /* SettingsProvider.swift in Sources */ = {isa = PBXBuildFile; fileRef = BC29ABB426BAF94D0040F725 /* SettingsProvider.swift */; };
		BC29ABBA26BAF9A70040F725 /* UserDefaultsSettingsProvider.swift in Sources */ = {isa = PBXBuildFile; fileRef = BC29ABB926BAF9A70040F725 /* UserDefaultsSettingsProvider.swift */; };
		BC29ABC326BB00CE0040F725 /* SettingsView.swift in Sources */ = {isa = PBXBuildFile; fileRef = BC29ABC226BB00CE0040F725 /* SettingsView.swift */; };
		BC36570426C90986001B82C5 /* AsyncSetSymbol.swift in Sources */ = {isa = PBXBuildFile; fileRef = BC36570326C90986001B82C5 /* AsyncSetSymbol.swift */; };
		BC36571126C90A5C001B82C5 /* SetImage.swift in Sources */ = {isa = PBXBuildFile; fileRef = BC36571026C90A5C001B82C5 /* SetImage.swift */; };
		BC36571926C92044001B82C5 /* sets.json in Resources */ = {isa = PBXBuildFile; fileRef = BC36571826C92044001B82C5 /* sets.json */; };
		BC36572426CAD8D4001B82C5 /* TagList+Wrapper.swift in Sources */ = {isa = PBXBuildFile; fileRef = BC36572326CAD8D4001B82C5 /* TagList+Wrapper.swift */; };
		BC36572D26CC502D001B82C5 /* TintedButtonStyle.swift in Sources */ = {isa = PBXBuildFile; fileRef = BC36572C26CC502D001B82C5 /* TintedButtonStyle.swift */; };
		BC36573626D23BF5001B82C5 /* SwiftUIX in Frameworks */ = {isa = PBXBuildFile; productRef = BC36573526D23BF5001B82C5 /* SwiftUIX */; };
		BC36573E26D241AF001B82C5 /* CardDetailsViewModel.swift in Sources */ = {isa = PBXBuildFile; fileRef = BC36573D26D241AF001B82C5 /* CardDetailsViewModel.swift */; };
		BC36574326D24563001B82C5 /* avacyn_prints.json in Resources */ = {isa = PBXBuildFile; fileRef = BC36574226D24563001B82C5 /* avacyn_prints.json */; };
		BC36578D26D2BE48001B82C5 /* ItalicTextView.swift in Sources */ = {isa = PBXBuildFile; fileRef = BC36578C26D2BE48001B82C5 /* ItalicTextView.swift */; };
		BC36579826DA2D30001B82C5 /* PrintsTable.swift in Sources */ = {isa = PBXBuildFile; fileRef = BC36579726DA2D30001B82C5 /* PrintsTable.swift */; };
		BC41D8C6269AB2E800989253 /* SVGImageView.swift in Sources */ = {isa = PBXBuildFile; fileRef = BC41D8C5269AB2E800989253 /* SVGImageView.swift */; };
		BC41D8CC269AB32400989253 /* ImageCache.swift in Sources */ = {isa = PBXBuildFile; fileRef = BC41D8CB269AB32400989253 /* ImageCache.swift */; };
		BC41D8D4269AB56500989253 /* T.svg in Resources */ = {isa = PBXBuildFile; fileRef = BC41D8D3269AB56500989253 /* T.svg */; };
		BC41D8DA269AB73500989253 /* SVGKitSwift in Frameworks */ = {isa = PBXBuildFile; productRef = BC41D8D9269AB73500989253 /* SVGKitSwift */; };
		BC41D8E8269AB80C00989253 /* SVGKit in Frameworks */ = {isa = PBXBuildFile; productRef = BC41D8E7269AB80C00989253 /* SVGKit */; };
		BC41D8F626A3BEE500989253 /* SymbolProvider.swift in Sources */ = {isa = PBXBuildFile; fileRef = BC41D8F526A3BEE500989253 /* SymbolProvider.swift */; };
		BC41D8FB26A3BF5000989253 /* DefaultSymbolProvider.swift in Sources */ = {isa = PBXBuildFile; fileRef = BC41D8FA26A3BF5000989253 /* DefaultSymbolProvider.swift */; };
		BC41D90026A3CC6000989253 /* Publisher+ShareReplay.swift in Sources */ = {isa = PBXBuildFile; fileRef = BC41D8FF26A3CC6000989253 /* Publisher+ShareReplay.swift */; };
		BC41D91326AD92E200989253 /* MagicTextView.swift in Sources */ = {isa = PBXBuildFile; fileRef = BC41D91226AD92E200989253 /* MagicTextView.swift */; };
		BC41D91926AD932000989253 /* TextTokenizer.swift in Sources */ = {isa = PBXBuildFile; fileRef = BC41D91826AD932000989253 /* TextTokenizer.swift */; };
		BC41D91E26AD9C8400989253 /* AsyncSymbolSet.swift in Sources */ = {isa = PBXBuildFile; fileRef = BC41D91D26AD9C8400989253 /* AsyncSymbolSet.swift */; };
		BC41D92F26AF117300989253 /* Lato-Italic.ttf in Resources */ = {isa = PBXBuildFile; fileRef = BC41D92426AF117300989253 /* Lato-Italic.ttf */; };
		BC41D93026AF117300989253 /* Lato-LightItalic.ttf in Resources */ = {isa = PBXBuildFile; fileRef = BC41D92526AF117300989253 /* Lato-LightItalic.ttf */; };
		BC41D93126AF117300989253 /* Lato-Thin.ttf in Resources */ = {isa = PBXBuildFile; fileRef = BC41D92626AF117300989253 /* Lato-Thin.ttf */; };
		BC41D93226AF117300989253 /* Lato-Bold.ttf in Resources */ = {isa = PBXBuildFile; fileRef = BC41D92726AF117300989253 /* Lato-Bold.ttf */; };
		BC41D93326AF117300989253 /* Lato-Black.ttf in Resources */ = {isa = PBXBuildFile; fileRef = BC41D92826AF117300989253 /* Lato-Black.ttf */; };
		BC41D93426AF117300989253 /* Lato-Regular.ttf in Resources */ = {isa = PBXBuildFile; fileRef = BC41D92926AF117300989253 /* Lato-Regular.ttf */; };
		BC41D93526AF117300989253 /* Lato-BlackItalic.ttf in Resources */ = {isa = PBXBuildFile; fileRef = BC41D92A26AF117300989253 /* Lato-BlackItalic.ttf */; };
		BC41D93626AF117300989253 /* OFL.txt in Resources */ = {isa = PBXBuildFile; fileRef = BC41D92B26AF117300989253 /* OFL.txt */; };
		BC41D93726AF117300989253 /* Lato-BoldItalic.ttf in Resources */ = {isa = PBXBuildFile; fileRef = BC41D92C26AF117300989253 /* Lato-BoldItalic.ttf */; };
		BC41D93826AF117300989253 /* Lato-Light.ttf in Resources */ = {isa = PBXBuildFile; fileRef = BC41D92D26AF117300989253 /* Lato-Light.ttf */; };
		BC41D93926AF117300989253 /* Lato-ThinItalic.ttf in Resources */ = {isa = PBXBuildFile; fileRef = BC41D92E26AF117300989253 /* Lato-ThinItalic.ttf */; };
		BC41D94426AF17E900989253 /* AsyncImage.swift in Sources */ = {isa = PBXBuildFile; fileRef = BC41D94326AF17E900989253 /* AsyncImage.swift */; };
		BC41D94C26AF273300989253 /* gleemax.json in Resources */ = {isa = PBXBuildFile; fileRef = BC41D94B26AF273300989253 /* gleemax.json */; };
		BC4850AE2694AA4100956E83 /* ScryfallClient.swift in Sources */ = {isa = PBXBuildFile; fileRef = BC4850AD2694AA4100956E83 /* ScryfallClient.swift */; };
		BC4850B62694AC2800956E83 /* NetworkClient.swift in Sources */ = {isa = PBXBuildFile; fileRef = BC4850B52694AC2800956E83 /* NetworkClient.swift */; };
		BC4850BB2694AC3400956E83 /* StubClient.swift in Sources */ = {isa = PBXBuildFile; fileRef = BC4850BA2694AC3400956E83 /* StubClient.swift */; };
		BC4850C22694AC9700956E83 /* search_akoum.json in Resources */ = {isa = PBXBuildFile; fileRef = BC4850C12694AC9700956E83 /* search_akoum.json */; };
		BC4850CE2694B1F300956E83 /* ModelStubs.swift in Sources */ = {isa = PBXBuildFile; fileRef = BC4850CD2694B1F300956E83 /* ModelStubs.swift */; };
		BC4850D62694B22600956E83 /* akoum.json in Resources */ = {isa = PBXBuildFile; fileRef = BC4850D52694B22600956E83 /* akoum.json */; };
		BC4850E82694C8A000956E83 /* SearchTextView.swift in Sources */ = {isa = PBXBuildFile; fileRef = BC4850E72694C8A000956E83 /* SearchTextView.swift */; };
		BC4850EE2694C9B000956E83 /* TitleView.swift in Sources */ = {isa = PBXBuildFile; fileRef = BC4850ED2694C9B000956E83 /* TitleView.swift */; };
		BC4850F62694CACA00956E83 /* akoum_battlesinger.json in Resources */ = {isa = PBXBuildFile; fileRef = BC4850F52694CACA00956E83 /* akoum_battlesinger.json */; };
		BC4850FF2694CB5000956E83 /* Style.swift in Sources */ = {isa = PBXBuildFile; fileRef = BC4850FE2694CB4F00956E83 /* Style.swift */; };
		BC4851072694CBEE00956E83 /* ParagraphView.swift in Sources */ = {isa = PBXBuildFile; fileRef = BC4851062694CBEE00956E83 /* ParagraphView.swift */; };
		BC48510C2694CFF800956E83 /* search_avacyn.json in Resources */ = {isa = PBXBuildFile; fileRef = BC48510B2694CFF800956E83 /* search_avacyn.json */; };
		BC4851112694D02000956E83 /* avacyn.json in Resources */ = {isa = PBXBuildFile; fileRef = BC4851102694D02000956E83 /* avacyn.json */; };
		BC48512D2694E4FB00956E83 /* Color+UIColor.swift in Sources */ = {isa = PBXBuildFile; fileRef = BC48512C2694E4FB00956E83 /* Color+UIColor.swift */; };
		BC4851352694E8D400956E83 /* ColorIndicatorView.swift in Sources */ = {isa = PBXBuildFile; fileRef = BC4851342694E8D400956E83 /* ColorIndicatorView.swift */; };
		BC48513D2694EFC000956E83 /* CardFaceView.swift in Sources */ = {isa = PBXBuildFile; fileRef = BC48513C2694EFC000956E83 /* CardFaceView.swift */; };
		BC4851422694F17E00956E83 /* abomination_of_gudul.json in Resources */ = {isa = PBXBuildFile; fileRef = BC4851412694F17E00956E83 /* abomination_of_gudul.json */; };
		BC485170269781B800956E83 /* symbology.json in Resources */ = {isa = PBXBuildFile; fileRef = BC48516F269781B800956E83 /* symbology.json */; };
		BC4AD26226B09B0C000875E2 /* search_garruk.json in Resources */ = {isa = PBXBuildFile; fileRef = BC4AD26126B09B0C000875E2 /* search_garruk.json */; };
		BC4AD26A26B0D5F3000875E2 /* ability_words.json in Resources */ = {isa = PBXBuildFile; fileRef = BC4AD26926B0D5F3000875E2 /* ability_words.json */; };
		BC4AD27026B0D740000875E2 /* CommonViewModel.swift in Sources */ = {isa = PBXBuildFile; fileRef = BC4AD26F26B0D740000875E2 /* CommonViewModel.swift */; };
		BC4AD27926B0E64F000875E2 /* mplantin-italic.ttf in Resources */ = {isa = PBXBuildFile; fileRef = BC4AD27826B0E64F000875E2 /* mplantin-italic.ttf */; };
		BC4AD27E26B0F2F2000875E2 /* search_exalted.json in Resources */ = {isa = PBXBuildFile; fileRef = BC4AD27D26B0F2F2000875E2 /* search_exalted.json */; };
		BC4AD28326B1E6DC000875E2 /* SearchResultsViewModel.swift in Sources */ = {isa = PBXBuildFile; fileRef = BC4AD28226B1E6DC000875E2 /* SearchResultsViewModel.swift */; };
		BC4AD28826B1E9CE000875E2 /* Input.swift in Sources */ = {isa = PBXBuildFile; fileRef = BC4AD28726B1E9CE000875E2 /* Input.swift */; };
		BC4AD28D26B47F4F000875E2 /* Spinner.swift in Sources */ = {isa = PBXBuildFile; fileRef = BC4AD28C26B47F4F000875E2 /* Spinner.swift */; };
		BCA6005C26C2F7E600F5DFD4 /* Sorting.swift in Sources */ = {isa = PBXBuildFile; fileRef = BCA6005B26C2F7E600F5DFD4 /* Sorting.swift */; };
		BCA6006826C4517F00F5DFD4 /* CardDetailsView.swift in Sources */ = {isa = PBXBuildFile; fileRef = BCA6006726C4517F00F5DFD4 /* CardDetailsView.swift */; };
		BCA6006D26C459FC00F5DFD4 /* CardDescriptionView.swift in Sources */ = {isa = PBXBuildFile; fileRef = BCA6006C26C459FC00F5DFD4 /* CardDescriptionView.swift */; };
		BCA6007226C460FB00F5DFD4 /* SmallTextView.swift in Sources */ = {isa = PBXBuildFile; fileRef = BCA6007126C460FB00F5DFD4 /* SmallTextView.swift */; };
		BCA6007726C5B38900F5DFD4 /* SectionDivider.swift in Sources */ = {isa = PBXBuildFile; fileRef = BCA6007626C5B38900F5DFD4 /* SectionDivider.swift */; };
		BCA6007C26C5B7F800F5DFD4 /* Plaque.swift in Sources */ = {isa = PBXBuildFile; fileRef = BCA6007B26C5B7F800F5DFD4 /* Plaque.swift */; };
		BCA6008426C5C7DA00F5DFD4 /* LegalityTable.swift in Sources */ = {isa = PBXBuildFile; fileRef = BCA6008326C5C7DA00F5DFD4 /* LegalityTable.swift */; };
		BCA6008926C6FC7B00F5DFD4 /* SetDetailsView.swift in Sources */ = {isa = PBXBuildFile; fileRef = BCA6008826C6FC7B00F5DFD4 /* SetDetailsView.swift */; };
		BCA6008E26C6FFF200F5DFD4 /* SetProvider.swift in Sources */ = {isa = PBXBuildFile; fileRef = BCA6008D26C6FFF200F5DFD4 /* SetProvider.swift */; };
		BCA6009326C7001700F5DFD4 /* DefaultSetProvider.swift in Sources */ = {isa = PBXBuildFile; fileRef = BCA6009226C7001700F5DFD4 /* DefaultSetProvider.swift */; };
		BCA6009826C7269700F5DFD4 /* Legality+Values.swift in Sources */ = {isa = PBXBuildFile; fileRef = BCA6009726C7269700F5DFD4 /* Legality+Values.swift */; };
		BCBE594A26873E0800677593 /* ScryfallApp.swift in Sources */ = {isa = PBXBuildFile; fileRef = BCBE594926873E0800677593 /* ScryfallApp.swift */; };
		BCBE594C26873E0800677593 /* ContentView.swift in Sources */ = {isa = PBXBuildFile; fileRef = BCBE594B26873E0800677593 /* ContentView.swift */; };
		BCBE594E26873E0900677593 /* Assets.xcassets in Resources */ = {isa = PBXBuildFile; fileRef = BCBE594D26873E0900677593 /* Assets.xcassets */; };
		BCBE595126873E0900677593 /* Preview Assets.xcassets in Resources */ = {isa = PBXBuildFile; fileRef = BCBE595026873E0900677593 /* Preview Assets.xcassets */; };
		BCBE596126873E0900677593 /* ScryfallTests.swift in Sources */ = {isa = PBXBuildFile; fileRef = BCBE596026873E0900677593 /* ScryfallTests.swift */; };
		BCBE596C26873E0A00677593 /* ScryfallUITests.swift in Sources */ = {isa = PBXBuildFile; fileRef = BCBE596B26873E0A00677593 /* ScryfallUITests.swift */; };
		BCBE597E2687402D00677593 /* ScryfallModel in Frameworks */ = {isa = PBXBuildFile; productRef = BCBE597D2687402D00677593 /* ScryfallModel */; };
		BCBE598A268F92D400677593 /* SearchResultsView.swift in Sources */ = {isa = PBXBuildFile; fileRef = BCBE5989268F92D400677593 /* SearchResultsView.swift */; };
		BCBE5992268F930B00677593 /* SearchCardView.swift in Sources */ = {isa = PBXBuildFile; fileRef = BCBE5991268F930B00677593 /* SearchCardView.swift */; };
		BCC771D826DA468F004A03C4 /* Rarity+Colors.swift in Sources */ = {isa = PBXBuildFile; fileRef = BCC771D726DA468F004A03C4 /* Rarity+Colors.swift */; };
		BCC771DD26DD3F68004A03C4 /* RulingsView.swift in Sources */ = {isa = PBXBuildFile; fileRef = BCC771DC26DD3F68004A03C4 /* RulingsView.swift */; };
		BCC771E226DD4540004A03C4 /* DashedLine.swift in Sources */ = {isa = PBXBuildFile; fileRef = BCC771E126DD4540004A03C4 /* DashedLine.swift */; };
		BCC771EA26E1354C004A03C4 /* Optionals+Empty.swift in Sources */ = {isa = PBXBuildFile; fileRef = BCC771E926E1354C004A03C4 /* Optionals+Empty.swift */; };
		BCC771EF26E4BCB0004A03C4 /* RelatedItemsTable.swift in Sources */ = {isa = PBXBuildFile; fileRef = BCC771EE26E4BCB0004A03C4 /* RelatedItemsTable.swift */; };
		BCC7720926E507AE004A03C4 /* PhyrexianHorizontalTTF.ttf in Resources */ = {isa = PBXBuildFile; fileRef = BCC7720826E507AE004A03C4 /* PhyrexianHorizontalTTF.ttf */; };
		BCC7721126E922B2004A03C4 /* Array+Extensions.swift in Sources */ = {isa = PBXBuildFile; fileRef = BCC7721026E922B2004A03C4 /* Array+Extensions.swift */; };
		BCEA662F26EE1DE400EEA99B /* RequestCache.swift in Sources */ = {isa = PBXBuildFile; fileRef = BCEA662E26EE1DE400EEA99B /* RequestCache.swift */; };
/* End PBXBuildFile section */

/* Begin PBXContainerItemProxy section */
		BCBE595D26873E0900677593 /* PBXContainerItemProxy */ = {
			isa = PBXContainerItemProxy;
			containerPortal = BCBE593E26873E0800677593 /* Project object */;
			proxyType = 1;
			remoteGlobalIDString = BCBE594526873E0800677593;
			remoteInfo = Scryfall;
		};
		BCBE596826873E0A00677593 /* PBXContainerItemProxy */ = {
			isa = PBXContainerItemProxy;
			containerPortal = BCBE593E26873E0800677593 /* Project object */;
			proxyType = 1;
			remoteGlobalIDString = BCBE594526873E0800677593;
			remoteInfo = Scryfall;
		};
/* End PBXContainerItemProxy section */

/* Begin PBXFileReference section */
		BC29ABAE26BAF9010040F725 /* SettingsViewModel.swift */ = {isa = PBXFileReference; lastKnownFileType = sourcecode.swift; path = SettingsViewModel.swift; sourceTree = "<group>"; };
		BC29ABB426BAF94D0040F725 /* SettingsProvider.swift */ = {isa = PBXFileReference; lastKnownFileType = sourcecode.swift; path = SettingsProvider.swift; sourceTree = "<group>"; };
		BC29ABB926BAF9A70040F725 /* UserDefaultsSettingsProvider.swift */ = {isa = PBXFileReference; lastKnownFileType = sourcecode.swift; path = UserDefaultsSettingsProvider.swift; sourceTree = "<group>"; };
		BC29ABC226BB00CE0040F725 /* SettingsView.swift */ = {isa = PBXFileReference; lastKnownFileType = sourcecode.swift; path = SettingsView.swift; sourceTree = "<group>"; };
		BC36570326C90986001B82C5 /* AsyncSetSymbol.swift */ = {isa = PBXFileReference; lastKnownFileType = sourcecode.swift; path = AsyncSetSymbol.swift; sourceTree = "<group>"; };
		BC36571026C90A5C001B82C5 /* SetImage.swift */ = {isa = PBXFileReference; lastKnownFileType = sourcecode.swift; path = SetImage.swift; sourceTree = "<group>"; };
		BC36571826C92044001B82C5 /* sets.json */ = {isa = PBXFileReference; lastKnownFileType = text.json; path = sets.json; sourceTree = "<group>"; };
		BC36572326CAD8D4001B82C5 /* TagList+Wrapper.swift */ = {isa = PBXFileReference; lastKnownFileType = sourcecode.swift; path = "TagList+Wrapper.swift"; sourceTree = "<group>"; };
		BC36572C26CC502D001B82C5 /* TintedButtonStyle.swift */ = {isa = PBXFileReference; lastKnownFileType = sourcecode.swift; path = TintedButtonStyle.swift; sourceTree = "<group>"; };
		BC36573D26D241AF001B82C5 /* CardDetailsViewModel.swift */ = {isa = PBXFileReference; lastKnownFileType = sourcecode.swift; path = CardDetailsViewModel.swift; sourceTree = "<group>"; };
		BC36574226D24563001B82C5 /* avacyn_prints.json */ = {isa = PBXFileReference; lastKnownFileType = text.json; path = avacyn_prints.json; sourceTree = "<group>"; };
		BC36578C26D2BE48001B82C5 /* ItalicTextView.swift */ = {isa = PBXFileReference; lastKnownFileType = sourcecode.swift; path = ItalicTextView.swift; sourceTree = "<group>"; };
		BC36579726DA2D30001B82C5 /* PrintsTable.swift */ = {isa = PBXFileReference; lastKnownFileType = sourcecode.swift; path = PrintsTable.swift; sourceTree = "<group>"; };
		BC41D8C5269AB2E800989253 /* SVGImageView.swift */ = {isa = PBXFileReference; lastKnownFileType = sourcecode.swift; path = SVGImageView.swift; sourceTree = "<group>"; };
		BC41D8CB269AB32400989253 /* ImageCache.swift */ = {isa = PBXFileReference; lastKnownFileType = sourcecode.swift; path = ImageCache.swift; sourceTree = "<group>"; };
		BC41D8D3269AB56500989253 /* T.svg */ = {isa = PBXFileReference; fileEncoding = 4; lastKnownFileType = text; path = T.svg; sourceTree = "<group>"; };
		BC41D8F526A3BEE500989253 /* SymbolProvider.swift */ = {isa = PBXFileReference; lastKnownFileType = sourcecode.swift; path = SymbolProvider.swift; sourceTree = "<group>"; };
		BC41D8FA26A3BF5000989253 /* DefaultSymbolProvider.swift */ = {isa = PBXFileReference; lastKnownFileType = sourcecode.swift; path = DefaultSymbolProvider.swift; sourceTree = "<group>"; };
		BC41D8FF26A3CC6000989253 /* Publisher+ShareReplay.swift */ = {isa = PBXFileReference; lastKnownFileType = sourcecode.swift; path = "Publisher+ShareReplay.swift"; sourceTree = "<group>"; };
		BC41D91226AD92E200989253 /* MagicTextView.swift */ = {isa = PBXFileReference; lastKnownFileType = sourcecode.swift; path = MagicTextView.swift; sourceTree = "<group>"; };
		BC41D91826AD932000989253 /* TextTokenizer.swift */ = {isa = PBXFileReference; lastKnownFileType = sourcecode.swift; path = TextTokenizer.swift; sourceTree = "<group>"; };
		BC41D91D26AD9C8400989253 /* AsyncSymbolSet.swift */ = {isa = PBXFileReference; lastKnownFileType = sourcecode.swift; path = AsyncSymbolSet.swift; sourceTree = "<group>"; };
		BC41D92426AF117300989253 /* Lato-Italic.ttf */ = {isa = PBXFileReference; lastKnownFileType = file; path = "Lato-Italic.ttf"; sourceTree = "<group>"; };
		BC41D92526AF117300989253 /* Lato-LightItalic.ttf */ = {isa = PBXFileReference; lastKnownFileType = file; path = "Lato-LightItalic.ttf"; sourceTree = "<group>"; };
		BC41D92626AF117300989253 /* Lato-Thin.ttf */ = {isa = PBXFileReference; lastKnownFileType = file; path = "Lato-Thin.ttf"; sourceTree = "<group>"; };
		BC41D92726AF117300989253 /* Lato-Bold.ttf */ = {isa = PBXFileReference; lastKnownFileType = file; path = "Lato-Bold.ttf"; sourceTree = "<group>"; };
		BC41D92826AF117300989253 /* Lato-Black.ttf */ = {isa = PBXFileReference; lastKnownFileType = file; path = "Lato-Black.ttf"; sourceTree = "<group>"; };
		BC41D92926AF117300989253 /* Lato-Regular.ttf */ = {isa = PBXFileReference; lastKnownFileType = file; path = "Lato-Regular.ttf"; sourceTree = "<group>"; };
		BC41D92A26AF117300989253 /* Lato-BlackItalic.ttf */ = {isa = PBXFileReference; lastKnownFileType = file; path = "Lato-BlackItalic.ttf"; sourceTree = "<group>"; };
		BC41D92B26AF117300989253 /* OFL.txt */ = {isa = PBXFileReference; fileEncoding = 4; lastKnownFileType = text; path = OFL.txt; sourceTree = "<group>"; };
		BC41D92C26AF117300989253 /* Lato-BoldItalic.ttf */ = {isa = PBXFileReference; lastKnownFileType = file; path = "Lato-BoldItalic.ttf"; sourceTree = "<group>"; };
		BC41D92D26AF117300989253 /* Lato-Light.ttf */ = {isa = PBXFileReference; lastKnownFileType = file; path = "Lato-Light.ttf"; sourceTree = "<group>"; };
		BC41D92E26AF117300989253 /* Lato-ThinItalic.ttf */ = {isa = PBXFileReference; lastKnownFileType = file; path = "Lato-ThinItalic.ttf"; sourceTree = "<group>"; };
		BC41D94326AF17E900989253 /* AsyncImage.swift */ = {isa = PBXFileReference; lastKnownFileType = sourcecode.swift; path = AsyncImage.swift; sourceTree = "<group>"; };
		BC41D94B26AF273300989253 /* gleemax.json */ = {isa = PBXFileReference; lastKnownFileType = text.json; path = gleemax.json; sourceTree = "<group>"; };
		BC4850AD2694AA4100956E83 /* ScryfallClient.swift */ = {isa = PBXFileReference; lastKnownFileType = sourcecode.swift; path = ScryfallClient.swift; sourceTree = "<group>"; };
		BC4850B52694AC2800956E83 /* NetworkClient.swift */ = {isa = PBXFileReference; lastKnownFileType = sourcecode.swift; path = NetworkClient.swift; sourceTree = "<group>"; };
		BC4850BA2694AC3400956E83 /* StubClient.swift */ = {isa = PBXFileReference; lastKnownFileType = sourcecode.swift; path = StubClient.swift; sourceTree = "<group>"; };
		BC4850C12694AC9700956E83 /* search_akoum.json */ = {isa = PBXFileReference; lastKnownFileType = text.json; path = search_akoum.json; sourceTree = "<group>"; };
		BC4850CD2694B1F300956E83 /* ModelStubs.swift */ = {isa = PBXFileReference; lastKnownFileType = sourcecode.swift; path = ModelStubs.swift; sourceTree = "<group>"; };
		BC4850D52694B22600956E83 /* akoum.json */ = {isa = PBXFileReference; lastKnownFileType = text.json; path = akoum.json; sourceTree = "<group>"; };
		BC4850E72694C8A000956E83 /* SearchTextView.swift */ = {isa = PBXFileReference; lastKnownFileType = sourcecode.swift; path = SearchTextView.swift; sourceTree = "<group>"; };
		BC4850ED2694C9B000956E83 /* TitleView.swift */ = {isa = PBXFileReference; lastKnownFileType = sourcecode.swift; path = TitleView.swift; sourceTree = "<group>"; };
		BC4850F52694CACA00956E83 /* akoum_battlesinger.json */ = {isa = PBXFileReference; lastKnownFileType = text.json; path = akoum_battlesinger.json; sourceTree = "<group>"; };
		BC4850FE2694CB4F00956E83 /* Style.swift */ = {isa = PBXFileReference; lastKnownFileType = sourcecode.swift; path = Style.swift; sourceTree = "<group>"; };
		BC4851062694CBEE00956E83 /* ParagraphView.swift */ = {isa = PBXFileReference; lastKnownFileType = sourcecode.swift; path = ParagraphView.swift; sourceTree = "<group>"; };
		BC48510B2694CFF800956E83 /* search_avacyn.json */ = {isa = PBXFileReference; lastKnownFileType = text.json; path = search_avacyn.json; sourceTree = "<group>"; };
		BC4851102694D02000956E83 /* avacyn.json */ = {isa = PBXFileReference; lastKnownFileType = text.json; path = avacyn.json; sourceTree = "<group>"; };
		BC48512C2694E4FB00956E83 /* Color+UIColor.swift */ = {isa = PBXFileReference; lastKnownFileType = sourcecode.swift; path = "Color+UIColor.swift"; sourceTree = "<group>"; };
		BC4851342694E8D400956E83 /* ColorIndicatorView.swift */ = {isa = PBXFileReference; lastKnownFileType = sourcecode.swift; path = ColorIndicatorView.swift; sourceTree = "<group>"; };
		BC48513C2694EFC000956E83 /* CardFaceView.swift */ = {isa = PBXFileReference; lastKnownFileType = sourcecode.swift; path = CardFaceView.swift; sourceTree = "<group>"; };
		BC4851412694F17E00956E83 /* abomination_of_gudul.json */ = {isa = PBXFileReference; lastKnownFileType = text.json; path = abomination_of_gudul.json; sourceTree = "<group>"; };
		BC48516F269781B800956E83 /* symbology.json */ = {isa = PBXFileReference; lastKnownFileType = text.json; path = symbology.json; sourceTree = "<group>"; };
		BC4AD26126B09B0C000875E2 /* search_garruk.json */ = {isa = PBXFileReference; lastKnownFileType = text.json; path = search_garruk.json; sourceTree = "<group>"; };
		BC4AD26926B0D5F3000875E2 /* ability_words.json */ = {isa = PBXFileReference; lastKnownFileType = text.json; path = ability_words.json; sourceTree = "<group>"; };
		BC4AD26F26B0D740000875E2 /* CommonViewModel.swift */ = {isa = PBXFileReference; lastKnownFileType = sourcecode.swift; path = CommonViewModel.swift; sourceTree = "<group>"; };
		BC4AD27826B0E64F000875E2 /* mplantin-italic.ttf */ = {isa = PBXFileReference; lastKnownFileType = file; path = "mplantin-italic.ttf"; sourceTree = "<group>"; };
		BC4AD27D26B0F2F2000875E2 /* search_exalted.json */ = {isa = PBXFileReference; lastKnownFileType = text.json; path = search_exalted.json; sourceTree = "<group>"; };
		BC4AD28226B1E6DC000875E2 /* SearchResultsViewModel.swift */ = {isa = PBXFileReference; lastKnownFileType = sourcecode.swift; path = SearchResultsViewModel.swift; sourceTree = "<group>"; };
		BC4AD28726B1E9CE000875E2 /* Input.swift */ = {isa = PBXFileReference; lastKnownFileType = sourcecode.swift; path = Input.swift; sourceTree = "<group>"; };
		BC4AD28C26B47F4F000875E2 /* Spinner.swift */ = {isa = PBXFileReference; lastKnownFileType = sourcecode.swift; path = Spinner.swift; sourceTree = "<group>"; };
		BCA6005B26C2F7E600F5DFD4 /* Sorting.swift */ = {isa = PBXFileReference; lastKnownFileType = sourcecode.swift; path = Sorting.swift; sourceTree = "<group>"; };
		BCA6006726C4517F00F5DFD4 /* CardDetailsView.swift */ = {isa = PBXFileReference; lastKnownFileType = sourcecode.swift; path = CardDetailsView.swift; sourceTree = "<group>"; };
		BCA6006C26C459FC00F5DFD4 /* CardDescriptionView.swift */ = {isa = PBXFileReference; lastKnownFileType = sourcecode.swift; path = CardDescriptionView.swift; sourceTree = "<group>"; };
		BCA6007126C460FB00F5DFD4 /* SmallTextView.swift */ = {isa = PBXFileReference; lastKnownFileType = sourcecode.swift; path = SmallTextView.swift; sourceTree = "<group>"; };
		BCA6007626C5B38900F5DFD4 /* SectionDivider.swift */ = {isa = PBXFileReference; lastKnownFileType = sourcecode.swift; path = SectionDivider.swift; sourceTree = "<group>"; };
		BCA6007B26C5B7F800F5DFD4 /* Plaque.swift */ = {isa = PBXFileReference; lastKnownFileType = sourcecode.swift; path = Plaque.swift; sourceTree = "<group>"; };
		BCA6008326C5C7DA00F5DFD4 /* LegalityTable.swift */ = {isa = PBXFileReference; lastKnownFileType = sourcecode.swift; path = LegalityTable.swift; sourceTree = "<group>"; };
		BCA6008826C6FC7B00F5DFD4 /* SetDetailsView.swift */ = {isa = PBXFileReference; lastKnownFileType = sourcecode.swift; path = SetDetailsView.swift; sourceTree = "<group>"; };
		BCA6008D26C6FFF200F5DFD4 /* SetProvider.swift */ = {isa = PBXFileReference; lastKnownFileType = sourcecode.swift; path = SetProvider.swift; sourceTree = "<group>"; };
		BCA6009226C7001700F5DFD4 /* DefaultSetProvider.swift */ = {isa = PBXFileReference; lastKnownFileType = sourcecode.swift; path = DefaultSetProvider.swift; sourceTree = "<group>"; };
		BCA6009726C7269700F5DFD4 /* Legality+Values.swift */ = {isa = PBXFileReference; lastKnownFileType = sourcecode.swift; path = "Legality+Values.swift"; sourceTree = "<group>"; };
		BCBE594626873E0800677593 /* Scryfall.app */ = {isa = PBXFileReference; explicitFileType = wrapper.application; includeInIndex = 0; path = Scryfall.app; sourceTree = BUILT_PRODUCTS_DIR; };
		BCBE594926873E0800677593 /* ScryfallApp.swift */ = {isa = PBXFileReference; lastKnownFileType = sourcecode.swift; path = ScryfallApp.swift; sourceTree = "<group>"; };
		BCBE594B26873E0800677593 /* ContentView.swift */ = {isa = PBXFileReference; lastKnownFileType = sourcecode.swift; path = ContentView.swift; sourceTree = "<group>"; };
		BCBE594D26873E0900677593 /* Assets.xcassets */ = {isa = PBXFileReference; lastKnownFileType = folder.assetcatalog; path = Assets.xcassets; sourceTree = "<group>"; };
		BCBE595026873E0900677593 /* Preview Assets.xcassets */ = {isa = PBXFileReference; lastKnownFileType = folder.assetcatalog; path = "Preview Assets.xcassets"; sourceTree = "<group>"; };
		BCBE595726873E0900677593 /* Info.plist */ = {isa = PBXFileReference; lastKnownFileType = text.plist.xml; path = Info.plist; sourceTree = "<group>"; };
		BCBE595C26873E0900677593 /* ScryfallTests.xctest */ = {isa = PBXFileReference; explicitFileType = wrapper.cfbundle; includeInIndex = 0; path = ScryfallTests.xctest; sourceTree = BUILT_PRODUCTS_DIR; };
		BCBE596026873E0900677593 /* ScryfallTests.swift */ = {isa = PBXFileReference; lastKnownFileType = sourcecode.swift; path = ScryfallTests.swift; sourceTree = "<group>"; };
		BCBE596226873E0900677593 /* Info.plist */ = {isa = PBXFileReference; lastKnownFileType = text.plist.xml; path = Info.plist; sourceTree = "<group>"; };
		BCBE596726873E0A00677593 /* ScryfallUITests.xctest */ = {isa = PBXFileReference; explicitFileType = wrapper.cfbundle; includeInIndex = 0; path = ScryfallUITests.xctest; sourceTree = BUILT_PRODUCTS_DIR; };
		BCBE596B26873E0A00677593 /* ScryfallUITests.swift */ = {isa = PBXFileReference; lastKnownFileType = sourcecode.swift; path = ScryfallUITests.swift; sourceTree = "<group>"; };
		BCBE596D26873E0A00677593 /* Info.plist */ = {isa = PBXFileReference; lastKnownFileType = text.plist.xml; path = Info.plist; sourceTree = "<group>"; };
		BCBE5989268F92D400677593 /* SearchResultsView.swift */ = {isa = PBXFileReference; lastKnownFileType = sourcecode.swift; path = SearchResultsView.swift; sourceTree = "<group>"; };
		BCBE5991268F930B00677593 /* SearchCardView.swift */ = {isa = PBXFileReference; lastKnownFileType = sourcecode.swift; path = SearchCardView.swift; sourceTree = "<group>"; };
		BCC771D726DA468F004A03C4 /* Rarity+Colors.swift */ = {isa = PBXFileReference; lastKnownFileType = sourcecode.swift; path = "Rarity+Colors.swift"; sourceTree = "<group>"; };
		BCC771DC26DD3F68004A03C4 /* RulingsView.swift */ = {isa = PBXFileReference; lastKnownFileType = sourcecode.swift; path = RulingsView.swift; sourceTree = "<group>"; };
		BCC771E126DD4540004A03C4 /* DashedLine.swift */ = {isa = PBXFileReference; lastKnownFileType = sourcecode.swift; path = DashedLine.swift; sourceTree = "<group>"; };
		BCC771E926E1354C004A03C4 /* Optionals+Empty.swift */ = {isa = PBXFileReference; lastKnownFileType = sourcecode.swift; path = "Optionals+Empty.swift"; sourceTree = "<group>"; };
		BCC771EE26E4BCB0004A03C4 /* RelatedItemsTable.swift */ = {isa = PBXFileReference; lastKnownFileType = sourcecode.swift; path = RelatedItemsTable.swift; sourceTree = "<group>"; };
		BCC7720826E507AE004A03C4 /* PhyrexianHorizontalTTF.ttf */ = {isa = PBXFileReference; lastKnownFileType = file; path = PhyrexianHorizontalTTF.ttf; sourceTree = "<group>"; };
		BCC7721026E922B2004A03C4 /* Array+Extensions.swift */ = {isa = PBXFileReference; lastKnownFileType = sourcecode.swift; path = "Array+Extensions.swift"; sourceTree = "<group>"; };
		BCEA662E26EE1DE400EEA99B /* RequestCache.swift */ = {isa = PBXFileReference; lastKnownFileType = sourcecode.swift; path = RequestCache.swift; sourceTree = "<group>"; };
/* End PBXFileReference section */

/* Begin PBXFrameworksBuildPhase section */
		BCBE594326873E0800677593 /* Frameworks */ = {
			isa = PBXFrameworksBuildPhase;
			buildActionMask = 2147483647;
			files = (
				BC41D8E8269AB80C00989253 /* SVGKit in Frameworks */,
				BC41D8DA269AB73500989253 /* SVGKitSwift in Frameworks */,
				BCBE597E2687402D00677593 /* ScryfallModel in Frameworks */,
				BC36573626D23BF5001B82C5 /* SwiftUIX in Frameworks */,
			);
			runOnlyForDeploymentPostprocessing = 0;
		};
		BCBE595926873E0900677593 /* Frameworks */ = {
			isa = PBXFrameworksBuildPhase;
			buildActionMask = 2147483647;
			files = (
			);
			runOnlyForDeploymentPostprocessing = 0;
		};
		BCBE596426873E0A00677593 /* Frameworks */ = {
			isa = PBXFrameworksBuildPhase;
			buildActionMask = 2147483647;
			files = (
			);
			runOnlyForDeploymentPostprocessing = 0;
		};
/* End PBXFrameworksBuildPhase section */

/* Begin PBXGroup section */
		BC29ABB326BAF93B0040F725 /* Settings */ = {
			isa = PBXGroup;
			children = (
				BC29ABB426BAF94D0040F725 /* SettingsProvider.swift */,
				BC29ABB926BAF9A70040F725 /* UserDefaultsSettingsProvider.swift */,
			);
			path = Settings;
			sourceTree = "<group>";
		};
		BC29ABC126BB00C10040F725 /* Settings */ = {
			isa = PBXGroup;
			children = (
				BC29ABC226BB00CE0040F725 /* SettingsView.swift */,
			);
			path = Settings;
			sourceTree = "<group>";
		};
		BC36572B26CC501C001B82C5 /* Styles */ = {
			isa = PBXGroup;
			children = (
				BC36572C26CC502D001B82C5 /* TintedButtonStyle.swift */,
			);
			path = Styles;
			sourceTree = "<group>";
		};
		BC41D8CA269AB31400989253 /* Cache */ = {
			isa = PBXGroup;
			children = (
				BCEA662E26EE1DE400EEA99B /* RequestCache.swift */,
				BC41D8CB269AB32400989253 /* ImageCache.swift */,
				BC41D8F526A3BEE500989253 /* SymbolProvider.swift */,
				BC41D8FA26A3BF5000989253 /* DefaultSymbolProvider.swift */,
				BCA6008D26C6FFF200F5DFD4 /* SetProvider.swift */,
				BCA6009226C7001700F5DFD4 /* DefaultSetProvider.swift */,
			);
			path = Cache;
			sourceTree = "<group>";
		};
		BC41D91726AD930600989253 /* Utility */ = {
			isa = PBXGroup;
			children = (
				BC41D91826AD932000989253 /* TextTokenizer.swift */,
				BC4AD28726B1E9CE000875E2 /* Input.swift */,
			);
			path = Utility;
			sourceTree = "<group>";
		};
		BC41D92226AF115400989253 /* Fonts */ = {
			isa = PBXGroup;
			children = (
				BCC771FF26E4F6FB004A03C4 /* Phyrexian */,
				BC4AD27426B0E5FE000875E2 /* MPlantin */,
				BC41D92326AF117300989253 /* Lato */,
			);
			path = Fonts;
			sourceTree = "<group>";
		};
		BC41D92326AF117300989253 /* Lato */ = {
			isa = PBXGroup;
			children = (
				BC41D92426AF117300989253 /* Lato-Italic.ttf */,
				BC41D92526AF117300989253 /* Lato-LightItalic.ttf */,
				BC41D92626AF117300989253 /* Lato-Thin.ttf */,
				BC41D92726AF117300989253 /* Lato-Bold.ttf */,
				BC41D92826AF117300989253 /* Lato-Black.ttf */,
				BC41D92926AF117300989253 /* Lato-Regular.ttf */,
				BC41D92A26AF117300989253 /* Lato-BlackItalic.ttf */,
				BC41D92B26AF117300989253 /* OFL.txt */,
				BC41D92C26AF117300989253 /* Lato-BoldItalic.ttf */,
				BC41D92D26AF117300989253 /* Lato-Light.ttf */,
				BC41D92E26AF117300989253 /* Lato-ThinItalic.ttf */,
			);
			path = Lato;
			sourceTree = "<group>";
		};
		BC4850AC2694AA2000956E83 /* API */ = {
			isa = PBXGroup;
			children = (
				BC4850AD2694AA4100956E83 /* ScryfallClient.swift */,
				BC4850B52694AC2800956E83 /* NetworkClient.swift */,
				BC4850BA2694AC3400956E83 /* StubClient.swift */,
			);
			path = API;
			sourceTree = "<group>";
		};
		BC4850BF2694AC5700956E83 /* Resources */ = {
			isa = PBXGroup;
			children = (
				BC41D92226AF115400989253 /* Fonts */,
				BCBE594D26873E0900677593 /* Assets.xcassets */,
				BCBE595726873E0900677593 /* Info.plist */,
			);
			path = Resources;
			sourceTree = "<group>";
		};
		BC4850DA2694B2FB00956E83 /* Preview Content */ = {
			isa = PBXGroup;
			children = (
				BC41D8D3269AB56500989253 /* T.svg */,
				BCBE595026873E0900677593 /* Preview Assets.xcassets */,
				BC4850CD2694B1F300956E83 /* ModelStubs.swift */,
				BC4851102694D02000956E83 /* avacyn.json */,
				BC48510B2694CFF800956E83 /* search_avacyn.json */,
				BC4850C12694AC9700956E83 /* search_akoum.json */,
				BC4850D52694B22600956E83 /* akoum.json */,
				BC4850F52694CACA00956E83 /* akoum_battlesinger.json */,
				BC4851412694F17E00956E83 /* abomination_of_gudul.json */,
				BC48516F269781B800956E83 /* symbology.json */,
				BC41D94B26AF273300989253 /* gleemax.json */,
				BC4AD26126B09B0C000875E2 /* search_garruk.json */,
				BC4AD26926B0D5F3000875E2 /* ability_words.json */,
				BC4AD27D26B0F2F2000875E2 /* search_exalted.json */,
				BC36571826C92044001B82C5 /* sets.json */,
				BC36574226D24563001B82C5 /* avacyn_prints.json */,
			);
			path = "Preview Content";
			sourceTree = "<group>";
		};
		BC4850FD2694CB3C00956E83 /* Style */ = {
			isa = PBXGroup;
			children = (
				BC4850FE2694CB4F00956E83 /* Style.swift */,
			);
			path = Style;
			sourceTree = "<group>";
		};
		BC48512A2694E4C900956E83 /* Common */ = {
			isa = PBXGroup;
			children = (
				BC41D8C5269AB2E800989253 /* SVGImageView.swift */,
				BC4AD28C26B47F4F000875E2 /* Spinner.swift */,
				BC4850ED2694C9B000956E83 /* TitleView.swift */,
				BC4851062694CBEE00956E83 /* ParagraphView.swift */,
				BC4851342694E8D400956E83 /* ColorIndicatorView.swift */,
				BC48513C2694EFC000956E83 /* CardFaceView.swift */,
				BC41D91226AD92E200989253 /* MagicTextView.swift */,
				BCA6007126C460FB00F5DFD4 /* SmallTextView.swift */,
				BCA6007626C5B38900F5DFD4 /* SectionDivider.swift */,
				BCA6007B26C5B7F800F5DFD4 /* Plaque.swift */,
				BC36571026C90A5C001B82C5 /* SetImage.swift */,
				BC36572326CAD8D4001B82C5 /* TagList+Wrapper.swift */,
				BC36578C26D2BE48001B82C5 /* ItalicTextView.swift */,
				BCC771E126DD4540004A03C4 /* DashedLine.swift */,
			);
			path = Common;
			sourceTree = "<group>";
		};
		BC48512B2694E4E800956E83 /* Extensions */ = {
			isa = PBXGroup;
			children = (
				BC48512C2694E4FB00956E83 /* Color+UIColor.swift */,
				BC41D8FF26A3CC6000989253 /* Publisher+ShareReplay.swift */,
				BCA6009726C7269700F5DFD4 /* Legality+Values.swift */,
				BCC771D726DA468F004A03C4 /* Rarity+Colors.swift */,
				BCC771E926E1354C004A03C4 /* Optionals+Empty.swift */,
				BCC7721026E922B2004A03C4 /* Array+Extensions.swift */,
			);
			path = Extensions;
			sourceTree = "<group>";
		};
		BC485158269776C500956E83 /* Utility */ = {
			isa = PBXGroup;
			children = (
				BC41D91D26AD9C8400989253 /* AsyncSymbolSet.swift */,
				BC36570326C90986001B82C5 /* AsyncSetSymbol.swift */,
				BC41D94326AF17E900989253 /* AsyncImage.swift */,
			);
			path = Utility;
			sourceTree = "<group>";
		};
		BC4AD26E26B0D720000875E2 /* ViewModels */ = {
			isa = PBXGroup;
			children = (
				BC4AD26F26B0D740000875E2 /* CommonViewModel.swift */,
				BC4AD28226B1E6DC000875E2 /* SearchResultsViewModel.swift */,
				BC29ABAE26BAF9010040F725 /* SettingsViewModel.swift */,
				BC36573D26D241AF001B82C5 /* CardDetailsViewModel.swift */,
			);
			path = ViewModels;
			sourceTree = "<group>";
		};
		BC4AD27426B0E5FE000875E2 /* MPlantin */ = {
			isa = PBXGroup;
			children = (
				BC4AD27826B0E64F000875E2 /* mplantin-italic.ttf */,
			);
			path = MPlantin;
			sourceTree = "<group>";
		};
		BCA6005A26C2F7DB00F5DFD4 /* Model */ = {
			isa = PBXGroup;
			children = (
				BCA6005B26C2F7E600F5DFD4 /* Sorting.swift */,
			);
			path = Model;
			sourceTree = "<group>";
		};
		BCA6006626C4506F00F5DFD4 /* Details */ = {
			isa = PBXGroup;
			children = (
				BCC771F326E4BCD4004A03C4 /* Tables */,
				BCA6006726C4517F00F5DFD4 /* CardDetailsView.swift */,
				BCA6006C26C459FC00F5DFD4 /* CardDescriptionView.swift */,
				BCA6008326C5C7DA00F5DFD4 /* LegalityTable.swift */,
				BCA6008826C6FC7B00F5DFD4 /* SetDetailsView.swift */,
				BCC771DC26DD3F68004A03C4 /* RulingsView.swift */,
			);
			path = Details;
			sourceTree = "<group>";
		};
		BCBE593D26873E0800677593 = {
			isa = PBXGroup;
			children = (
				BCBE594826873E0800677593 /* Scryfall */,
				BCBE595F26873E0900677593 /* ScryfallTests */,
				BCBE596A26873E0A00677593 /* ScryfallUITests */,
				BCBE594726873E0800677593 /* Products */,
				BCBE597C2687402D00677593 /* Frameworks */,
			);
			sourceTree = "<group>";
		};
		BCBE594726873E0800677593 /* Products */ = {
			isa = PBXGroup;
			children = (
				BCBE594626873E0800677593 /* Scryfall.app */,
				BCBE595C26873E0900677593 /* ScryfallTests.xctest */,
				BCBE596726873E0A00677593 /* ScryfallUITests.xctest */,
			);
			name = Products;
			sourceTree = "<group>";
		};
		BCBE594826873E0800677593 /* Scryfall */ = {
			isa = PBXGroup;
			children = (
				BC4850DA2694B2FB00956E83 /* Preview Content */,
				BC4850BF2694AC5700956E83 /* Resources */,
				BC29ABB326BAF93B0040F725 /* Settings */,
				BC41D91726AD930600989253 /* Utility */,
				BC41D8CA269AB31400989253 /* Cache */,
				BCA6005A26C2F7DB00F5DFD4 /* Model */,
				BC4850AC2694AA2000956E83 /* API */,
				BC48512B2694E4E800956E83 /* Extensions */,
				BCBE5986268F929300677593 /* Views */,
				BC4AD26E26B0D720000875E2 /* ViewModels */,
				BC4850FD2694CB3C00956E83 /* Style */,
				BCBE5982268F928A00677593 /* App */,
			);
			path = Scryfall;
			sourceTree = "<group>";
		};
		BCBE595F26873E0900677593 /* ScryfallTests */ = {
			isa = PBXGroup;
			children = (
				BCBE596026873E0900677593 /* ScryfallTests.swift */,
				BCBE596226873E0900677593 /* Info.plist */,
			);
			path = ScryfallTests;
			sourceTree = "<group>";
		};
		BCBE596A26873E0A00677593 /* ScryfallUITests */ = {
			isa = PBXGroup;
			children = (
				BCBE596B26873E0A00677593 /* ScryfallUITests.swift */,
				BCBE596D26873E0A00677593 /* Info.plist */,
			);
			path = ScryfallUITests;
			sourceTree = "<group>";
		};
		BCBE597C2687402D00677593 /* Frameworks */ = {
			isa = PBXGroup;
			children = (
			);
			name = Frameworks;
			sourceTree = "<group>";
		};
		BCBE5982268F928A00677593 /* App */ = {
			isa = PBXGroup;
			children = (
				BCBE594926873E0800677593 /* ScryfallApp.swift */,
			);
			path = App;
			sourceTree = "<group>";
		};
		BCBE5986268F929300677593 /* Views */ = {
			isa = PBXGroup;
			children = (
				BC36572B26CC501C001B82C5 /* Styles */,
				BCA6006626C4506F00F5DFD4 /* Details */,
				BC29ABC126BB00C10040F725 /* Settings */,
				BC485158269776C500956E83 /* Utility */,
				BC48512A2694E4C900956E83 /* Common */,
				BCBE5988268F92B600677593 /* List */,
				BCBE594B26873E0800677593 /* ContentView.swift */,
			);
			path = Views;
			sourceTree = "<group>";
		};
		BCBE5988268F92B600677593 /* List */ = {
			isa = PBXGroup;
			children = (
				BCBE5989268F92D400677593 /* SearchResultsView.swift */,
				BCBE5991268F930B00677593 /* SearchCardView.swift */,
				BC4850E72694C8A000956E83 /* SearchTextView.swift */,
			);
			path = List;
			sourceTree = "<group>";
		};
		BCC771F326E4BCD4004A03C4 /* Tables */ = {
			isa = PBXGroup;
			children = (
				BC36579726DA2D30001B82C5 /* PrintsTable.swift */,
				BCC771EE26E4BCB0004A03C4 /* RelatedItemsTable.swift */,
			);
			path = Tables;
			sourceTree = "<group>";
		};
		BCC771FF26E4F6FB004A03C4 /* Phyrexian */ = {
			isa = PBXGroup;
			children = (
				BCC7720826E507AE004A03C4 /* PhyrexianHorizontalTTF.ttf */,
			);
			path = Phyrexian;
			sourceTree = "<group>";
		};
/* End PBXGroup section */

/* Begin PBXNativeTarget section */
		BCBE594526873E0800677593 /* Scryfall */ = {
			isa = PBXNativeTarget;
			buildConfigurationList = BCBE597026873E0A00677593 /* Build configuration list for PBXNativeTarget "Scryfall" */;
			buildPhases = (
				BCBE594226873E0800677593 /* Sources */,
				BCBE594326873E0800677593 /* Frameworks */,
				BCBE594426873E0800677593 /* Resources */,
			);
			buildRules = (
			);
			dependencies = (
			);
			name = Scryfall;
			packageProductDependencies = (
				BCBE597D2687402D00677593 /* ScryfallModel */,
				BC41D8D9269AB73500989253 /* SVGKitSwift */,
				BC41D8E7269AB80C00989253 /* SVGKit */,
				BC36573526D23BF5001B82C5 /* SwiftUIX */,
			);
			productName = Scryfall;
			productReference = BCBE594626873E0800677593 /* Scryfall.app */;
			productType = "com.apple.product-type.application";
		};
		BCBE595B26873E0900677593 /* ScryfallTests */ = {
			isa = PBXNativeTarget;
			buildConfigurationList = BCBE597326873E0A00677593 /* Build configuration list for PBXNativeTarget "ScryfallTests" */;
			buildPhases = (
				BCBE595826873E0900677593 /* Sources */,
				BCBE595926873E0900677593 /* Frameworks */,
				BCBE595A26873E0900677593 /* Resources */,
			);
			buildRules = (
			);
			dependencies = (
				BCBE595E26873E0900677593 /* PBXTargetDependency */,
			);
			name = ScryfallTests;
			productName = ScryfallTests;
			productReference = BCBE595C26873E0900677593 /* ScryfallTests.xctest */;
			productType = "com.apple.product-type.bundle.unit-test";
		};
		BCBE596626873E0A00677593 /* ScryfallUITests */ = {
			isa = PBXNativeTarget;
			buildConfigurationList = BCBE597626873E0A00677593 /* Build configuration list for PBXNativeTarget "ScryfallUITests" */;
			buildPhases = (
				BCBE596326873E0A00677593 /* Sources */,
				BCBE596426873E0A00677593 /* Frameworks */,
				BCBE596526873E0A00677593 /* Resources */,
			);
			buildRules = (
			);
			dependencies = (
				BCBE596926873E0A00677593 /* PBXTargetDependency */,
			);
			name = ScryfallUITests;
			productName = ScryfallUITests;
			productReference = BCBE596726873E0A00677593 /* ScryfallUITests.xctest */;
			productType = "com.apple.product-type.bundle.ui-testing";
		};
/* End PBXNativeTarget section */

/* Begin PBXProject section */
		BCBE593E26873E0800677593 /* Project object */ = {
			isa = PBXProject;
			attributes = {
				LastSwiftUpdateCheck = 1230;
				LastUpgradeCheck = 1230;
				TargetAttributes = {
					BCBE594526873E0800677593 = {
						CreatedOnToolsVersion = 12.3;
					};
					BCBE595B26873E0900677593 = {
						CreatedOnToolsVersion = 12.3;
						TestTargetID = BCBE594526873E0800677593;
					};
					BCBE596626873E0A00677593 = {
						CreatedOnToolsVersion = 12.3;
						TestTargetID = BCBE594526873E0800677593;
					};
				};
			};
			buildConfigurationList = BCBE594126873E0800677593 /* Build configuration list for PBXProject "Scryfall" */;
			compatibilityVersion = "Xcode 9.3";
			developmentRegion = en;
			hasScannedForEncodings = 0;
			knownRegions = (
				en,
				Base,
			);
			mainGroup = BCBE593D26873E0800677593;
			packageReferences = (
				BC41D8D8269AB73500989253 /* XCRemoteSwiftPackageReference "SVGKit" */,
				BC36573426D23BF5001B82C5 /* XCRemoteSwiftPackageReference "SwiftUIX" */,
			);
			productRefGroup = BCBE594726873E0800677593 /* Products */;
			projectDirPath = "";
			projectRoot = "";
			targets = (
				BCBE594526873E0800677593 /* Scryfall */,
				BCBE595B26873E0900677593 /* ScryfallTests */,
				BCBE596626873E0A00677593 /* ScryfallUITests */,
			);
		};
/* End PBXProject section */

/* Begin PBXResourcesBuildPhase section */
		BCBE594426873E0800677593 /* Resources */ = {
			isa = PBXResourcesBuildPhase;
			buildActionMask = 2147483647;
			files = (
				BC41D93726AF117300989253 /* Lato-BoldItalic.ttf in Resources */,
				BC41D94C26AF273300989253 /* gleemax.json in Resources */,
				BC41D93926AF117300989253 /* Lato-ThinItalic.ttf in Resources */,
				BC485170269781B800956E83 /* symbology.json in Resources */,
				BC4851112694D02000956E83 /* avacyn.json in Resources */,
				BCBE595126873E0900677593 /* Preview Assets.xcassets in Resources */,
				BC41D8D4269AB56500989253 /* T.svg in Resources */,
				BC41D92F26AF117300989253 /* Lato-Italic.ttf in Resources */,
				BC4850C22694AC9700956E83 /* search_akoum.json in Resources */,
				BC4AD27E26B0F2F2000875E2 /* search_exalted.json in Resources */,
				BC4850F62694CACA00956E83 /* akoum_battlesinger.json in Resources */,
				BC41D93226AF117300989253 /* Lato-Bold.ttf in Resources */,
				BC41D93026AF117300989253 /* Lato-LightItalic.ttf in Resources */,
				BC48510C2694CFF800956E83 /* search_avacyn.json in Resources */,
				BCC7720926E507AE004A03C4 /* PhyrexianHorizontalTTF.ttf in Resources */,
				BC41D93526AF117300989253 /* Lato-BlackItalic.ttf in Resources */,
				BCBE594E26873E0900677593 /* Assets.xcassets in Resources */,
				BC4AD26226B09B0C000875E2 /* search_garruk.json in Resources */,
				BC41D93626AF117300989253 /* OFL.txt in Resources */,
				BC41D93426AF117300989253 /* Lato-Regular.ttf in Resources */,
				BC36571926C92044001B82C5 /* sets.json in Resources */,
				BC4AD27926B0E64F000875E2 /* mplantin-italic.ttf in Resources */,
				BC41D93826AF117300989253 /* Lato-Light.ttf in Resources */,
				BC4851422694F17E00956E83 /* abomination_of_gudul.json in Resources */,
				BC36574326D24563001B82C5 /* avacyn_prints.json in Resources */,
				BC4850D62694B22600956E83 /* akoum.json in Resources */,
				BC41D93326AF117300989253 /* Lato-Black.ttf in Resources */,
				BC4AD26A26B0D5F3000875E2 /* ability_words.json in Resources */,
				BC41D93126AF117300989253 /* Lato-Thin.ttf in Resources */,
			);
			runOnlyForDeploymentPostprocessing = 0;
		};
		BCBE595A26873E0900677593 /* Resources */ = {
			isa = PBXResourcesBuildPhase;
			buildActionMask = 2147483647;
			files = (
			);
			runOnlyForDeploymentPostprocessing = 0;
		};
		BCBE596526873E0A00677593 /* Resources */ = {
			isa = PBXResourcesBuildPhase;
			buildActionMask = 2147483647;
			files = (
			);
			runOnlyForDeploymentPostprocessing = 0;
		};
/* End PBXResourcesBuildPhase section */

/* Begin PBXSourcesBuildPhase section */
		BCBE594226873E0800677593 /* Sources */ = {
			isa = PBXSourcesBuildPhase;
			buildActionMask = 2147483647;
			files = (
				BC4850BB2694AC3400956E83 /* StubClient.swift in Sources */,
				BC41D90026A3CC6000989253 /* Publisher+ShareReplay.swift in Sources */,
				BCBE598A268F92D400677593 /* SearchResultsView.swift in Sources */,
				BCC7721126E922B2004A03C4 /* Array+Extensions.swift in Sources */,
				BCA6009326C7001700F5DFD4 /* DefaultSetProvider.swift in Sources */,
				BCC771D826DA468F004A03C4 /* Rarity+Colors.swift in Sources */,
				BC36579826DA2D30001B82C5 /* PrintsTable.swift in Sources */,
				BC36570426C90986001B82C5 /* AsyncSetSymbol.swift in Sources */,
				BCA6008E26C6FFF200F5DFD4 /* SetProvider.swift in Sources */,
				BC41D8FB26A3BF5000989253 /* DefaultSymbolProvider.swift in Sources */,
				BCA6005C26C2F7E600F5DFD4 /* Sorting.swift in Sources */,
				BCA6007726C5B38900F5DFD4 /* SectionDivider.swift in Sources */,
				BCBE594C26873E0800677593 /* ContentView.swift in Sources */,
				BC29ABC326BB00CE0040F725 /* SettingsView.swift in Sources */,
				BCC771E226DD4540004A03C4 /* DashedLine.swift in Sources */,
				BCA6006826C4517F00F5DFD4 /* CardDetailsView.swift in Sources */,
				BCBE594A26873E0800677593 /* ScryfallApp.swift in Sources */,
				BC4850AE2694AA4100956E83 /* ScryfallClient.swift in Sources */,
				BCEA662F26EE1DE400EEA99B /* RequestCache.swift in Sources */,
				BC41D91326AD92E200989253 /* MagicTextView.swift in Sources */,
				BC48513D2694EFC000956E83 /* CardFaceView.swift in Sources */,
				BCA6007C26C5B7F800F5DFD4 /* Plaque.swift in Sources */,
				BCC771DD26DD3F68004A03C4 /* RulingsView.swift in Sources */,
				BCBE5992268F930B00677593 /* SearchCardView.swift in Sources */,
				BC4AD28326B1E6DC000875E2 /* SearchResultsViewModel.swift in Sources */,
				BC41D8F626A3BEE500989253 /* SymbolProvider.swift in Sources */,
				BC29ABB526BAF94D0040F725 /* SettingsProvider.swift in Sources */,
				BCC771EA26E1354C004A03C4 /* Optionals+Empty.swift in Sources */,
				BC4850B62694AC2800956E83 /* NetworkClient.swift in Sources */,
				BC29ABBA26BAF9A70040F725 /* UserDefaultsSettingsProvider.swift in Sources */,
				BCA6007226C460FB00F5DFD4 /* SmallTextView.swift in Sources */,
				BCA6009826C7269700F5DFD4 /* Legality+Values.swift in Sources */,
				BC4AD27026B0D740000875E2 /* CommonViewModel.swift in Sources */,
				BCC771EF26E4BCB0004A03C4 /* RelatedItemsTable.swift in Sources */,
				BC41D91926AD932000989253 /* TextTokenizer.swift in Sources */,
				BC4850E82694C8A000956E83 /* SearchTextView.swift in Sources */,
				BC29ABAF26BAF9010040F725 /* SettingsViewModel.swift in Sources */,
				BC4850CE2694B1F300956E83 /* ModelStubs.swift in Sources */,
				BC4AD28D26B47F4F000875E2 /* Spinner.swift in Sources */,
				BC36578D26D2BE48001B82C5 /* ItalicTextView.swift in Sources */,
				BC48512D2694E4FB00956E83 /* Color+UIColor.swift in Sources */,
				BC4AD28826B1E9CE000875E2 /* Input.swift in Sources */,
				BC36573E26D241AF001B82C5 /* CardDetailsViewModel.swift in Sources */,
				BC41D8CC269AB32400989253 /* ImageCache.swift in Sources */,
				BC4850EE2694C9B000956E83 /* TitleView.swift in Sources */,
				BC4851352694E8D400956E83 /* ColorIndicatorView.swift in Sources */,
				BCA6008926C6FC7B00F5DFD4 /* SetDetailsView.swift in Sources */,
				BC36571126C90A5C001B82C5 /* SetImage.swift in Sources */,
				BC36572D26CC502D001B82C5 /* TintedButtonStyle.swift in Sources */,
				BC41D91E26AD9C8400989253 /* AsyncSymbolSet.swift in Sources */,
				BC4850FF2694CB5000956E83 /* Style.swift in Sources */,
				BC41D8C6269AB2E800989253 /* SVGImageView.swift in Sources */,
				BCA6006D26C459FC00F5DFD4 /* CardDescriptionView.swift in Sources */,
				BCA6008426C5C7DA00F5DFD4 /* LegalityTable.swift in Sources */,
				BC36572426CAD8D4001B82C5 /* TagList+Wrapper.swift in Sources */,
				BC41D94426AF17E900989253 /* AsyncImage.swift in Sources */,
				BC4851072694CBEE00956E83 /* ParagraphView.swift in Sources */,
			);
			runOnlyForDeploymentPostprocessing = 0;
		};
		BCBE595826873E0900677593 /* Sources */ = {
			isa = PBXSourcesBuildPhase;
			buildActionMask = 2147483647;
			files = (
				BCBE596126873E0900677593 /* ScryfallTests.swift in Sources */,
			);
			runOnlyForDeploymentPostprocessing = 0;
		};
		BCBE596326873E0A00677593 /* Sources */ = {
			isa = PBXSourcesBuildPhase;
			buildActionMask = 2147483647;
			files = (
				BCBE596C26873E0A00677593 /* ScryfallUITests.swift in Sources */,
			);
			runOnlyForDeploymentPostprocessing = 0;
		};
/* End PBXSourcesBuildPhase section */

/* Begin PBXTargetDependency section */
		BCBE595E26873E0900677593 /* PBXTargetDependency */ = {
			isa = PBXTargetDependency;
			target = BCBE594526873E0800677593 /* Scryfall */;
			targetProxy = BCBE595D26873E0900677593 /* PBXContainerItemProxy */;
		};
		BCBE596926873E0A00677593 /* PBXTargetDependency */ = {
			isa = PBXTargetDependency;
			target = BCBE594526873E0800677593 /* Scryfall */;
			targetProxy = BCBE596826873E0A00677593 /* PBXContainerItemProxy */;
		};
/* End PBXTargetDependency section */

/* Begin XCBuildConfiguration section */
		BCBE596E26873E0A00677593 /* Debug */ = {
			isa = XCBuildConfiguration;
			buildSettings = {
				ALWAYS_SEARCH_USER_PATHS = NO;
				CLANG_ANALYZER_NONNULL = YES;
				CLANG_ANALYZER_NUMBER_OBJECT_CONVERSION = YES_AGGRESSIVE;
				CLANG_CXX_LANGUAGE_STANDARD = "gnu++14";
				CLANG_CXX_LIBRARY = "libc++";
				CLANG_ENABLE_MODULES = YES;
				CLANG_ENABLE_OBJC_ARC = YES;
				CLANG_ENABLE_OBJC_WEAK = YES;
				CLANG_WARN_BLOCK_CAPTURE_AUTORELEASING = YES;
				CLANG_WARN_BOOL_CONVERSION = YES;
				CLANG_WARN_COMMA = YES;
				CLANG_WARN_CONSTANT_CONVERSION = YES;
				CLANG_WARN_DEPRECATED_OBJC_IMPLEMENTATIONS = YES;
				CLANG_WARN_DIRECT_OBJC_ISA_USAGE = YES_ERROR;
				CLANG_WARN_DOCUMENTATION_COMMENTS = YES;
				CLANG_WARN_EMPTY_BODY = YES;
				CLANG_WARN_ENUM_CONVERSION = YES;
				CLANG_WARN_INFINITE_RECURSION = YES;
				CLANG_WARN_INT_CONVERSION = YES;
				CLANG_WARN_NON_LITERAL_NULL_CONVERSION = YES;
				CLANG_WARN_OBJC_IMPLICIT_RETAIN_SELF = YES;
				CLANG_WARN_OBJC_LITERAL_CONVERSION = YES;
				CLANG_WARN_OBJC_ROOT_CLASS = YES_ERROR;
				CLANG_WARN_QUOTED_INCLUDE_IN_FRAMEWORK_HEADER = YES;
				CLANG_WARN_RANGE_LOOP_ANALYSIS = YES;
				CLANG_WARN_STRICT_PROTOTYPES = YES;
				CLANG_WARN_SUSPICIOUS_MOVE = YES;
				CLANG_WARN_UNGUARDED_AVAILABILITY = YES_AGGRESSIVE;
				CLANG_WARN_UNREACHABLE_CODE = YES;
				CLANG_WARN__DUPLICATE_METHOD_MATCH = YES;
				COPY_PHASE_STRIP = NO;
				DEBUG_INFORMATION_FORMAT = dwarf;
				ENABLE_STRICT_OBJC_MSGSEND = YES;
				ENABLE_TESTABILITY = YES;
				GCC_C_LANGUAGE_STANDARD = gnu11;
				GCC_DYNAMIC_NO_PIC = NO;
				GCC_NO_COMMON_BLOCKS = YES;
				GCC_OPTIMIZATION_LEVEL = 0;
				GCC_PREPROCESSOR_DEFINITIONS = (
					"DEBUG=1",
					"$(inherited)",
				);
				GCC_WARN_64_TO_32_BIT_CONVERSION = YES;
				GCC_WARN_ABOUT_RETURN_TYPE = YES_ERROR;
				GCC_WARN_UNDECLARED_SELECTOR = YES;
				GCC_WARN_UNINITIALIZED_AUTOS = YES_AGGRESSIVE;
				GCC_WARN_UNUSED_FUNCTION = YES;
				GCC_WARN_UNUSED_VARIABLE = YES;
				IPHONEOS_DEPLOYMENT_TARGET = 14.3;
				MTL_ENABLE_DEBUG_INFO = INCLUDE_SOURCE;
				MTL_FAST_MATH = YES;
				ONLY_ACTIVE_ARCH = YES;
				SDKROOT = iphoneos;
				SWIFT_ACTIVE_COMPILATION_CONDITIONS = DEBUG;
				SWIFT_OPTIMIZATION_LEVEL = "-Onone";
			};
			name = Debug;
		};
		BCBE596F26873E0A00677593 /* Release */ = {
			isa = XCBuildConfiguration;
			buildSettings = {
				ALWAYS_SEARCH_USER_PATHS = NO;
				CLANG_ANALYZER_NONNULL = YES;
				CLANG_ANALYZER_NUMBER_OBJECT_CONVERSION = YES_AGGRESSIVE;
				CLANG_CXX_LANGUAGE_STANDARD = "gnu++14";
				CLANG_CXX_LIBRARY = "libc++";
				CLANG_ENABLE_MODULES = YES;
				CLANG_ENABLE_OBJC_ARC = YES;
				CLANG_ENABLE_OBJC_WEAK = YES;
				CLANG_WARN_BLOCK_CAPTURE_AUTORELEASING = YES;
				CLANG_WARN_BOOL_CONVERSION = YES;
				CLANG_WARN_COMMA = YES;
				CLANG_WARN_CONSTANT_CONVERSION = YES;
				CLANG_WARN_DEPRECATED_OBJC_IMPLEMENTATIONS = YES;
				CLANG_WARN_DIRECT_OBJC_ISA_USAGE = YES_ERROR;
				CLANG_WARN_DOCUMENTATION_COMMENTS = YES;
				CLANG_WARN_EMPTY_BODY = YES;
				CLANG_WARN_ENUM_CONVERSION = YES;
				CLANG_WARN_INFINITE_RECURSION = YES;
				CLANG_WARN_INT_CONVERSION = YES;
				CLANG_WARN_NON_LITERAL_NULL_CONVERSION = YES;
				CLANG_WARN_OBJC_IMPLICIT_RETAIN_SELF = YES;
				CLANG_WARN_OBJC_LITERAL_CONVERSION = YES;
				CLANG_WARN_OBJC_ROOT_CLASS = YES_ERROR;
				CLANG_WARN_QUOTED_INCLUDE_IN_FRAMEWORK_HEADER = YES;
				CLANG_WARN_RANGE_LOOP_ANALYSIS = YES;
				CLANG_WARN_STRICT_PROTOTYPES = YES;
				CLANG_WARN_SUSPICIOUS_MOVE = YES;
				CLANG_WARN_UNGUARDED_AVAILABILITY = YES_AGGRESSIVE;
				CLANG_WARN_UNREACHABLE_CODE = YES;
				CLANG_WARN__DUPLICATE_METHOD_MATCH = YES;
				COPY_PHASE_STRIP = NO;
				DEBUG_INFORMATION_FORMAT = "dwarf-with-dsym";
				ENABLE_NS_ASSERTIONS = NO;
				ENABLE_STRICT_OBJC_MSGSEND = YES;
				GCC_C_LANGUAGE_STANDARD = gnu11;
				GCC_NO_COMMON_BLOCKS = YES;
				GCC_WARN_64_TO_32_BIT_CONVERSION = YES;
				GCC_WARN_ABOUT_RETURN_TYPE = YES_ERROR;
				GCC_WARN_UNDECLARED_SELECTOR = YES;
				GCC_WARN_UNINITIALIZED_AUTOS = YES_AGGRESSIVE;
				GCC_WARN_UNUSED_FUNCTION = YES;
				GCC_WARN_UNUSED_VARIABLE = YES;
				IPHONEOS_DEPLOYMENT_TARGET = 14.3;
				MTL_ENABLE_DEBUG_INFO = NO;
				MTL_FAST_MATH = YES;
				SDKROOT = iphoneos;
				SWIFT_COMPILATION_MODE = wholemodule;
				SWIFT_OPTIMIZATION_LEVEL = "-O";
				VALIDATE_PRODUCT = YES;
			};
			name = Release;
		};
		BCBE597126873E0A00677593 /* Debug */ = {
			isa = XCBuildConfiguration;
			buildSettings = {
				ASSETCATALOG_COMPILER_APPICON_NAME = AppIcon;
				ASSETCATALOG_COMPILER_GLOBAL_ACCENT_COLOR_NAME = AccentColor;
				CODE_SIGN_STYLE = Automatic;
				DEVELOPMENT_ASSET_PATHS = "\"Scryfall/Preview Content\"";
				DEVELOPMENT_TEAM = 758Y8RBM68;
				ENABLE_PREVIEWS = YES;
				INFOPLIST_FILE = Scryfall/Resources/Info.plist;
				IPHONEOS_DEPLOYMENT_TARGET = 14.0;
				LD_RUNPATH_SEARCH_PATHS = (
					"$(inherited)",
					"@executable_path/Frameworks",
				);
				PRODUCT_BUNDLE_IDENTIFIER = ru.aint.Scryfall;
				PRODUCT_NAME = "$(TARGET_NAME)";
				SWIFT_VERSION = 5.0;
				TARGETED_DEVICE_FAMILY = "1,2";
			};
			name = Debug;
		};
		BCBE597226873E0A00677593 /* Release */ = {
			isa = XCBuildConfiguration;
			buildSettings = {
				ASSETCATALOG_COMPILER_APPICON_NAME = AppIcon;
				ASSETCATALOG_COMPILER_GLOBAL_ACCENT_COLOR_NAME = AccentColor;
				CODE_SIGN_STYLE = Automatic;
				DEVELOPMENT_ASSET_PATHS = "\"Scryfall/Preview Content\"";
				DEVELOPMENT_TEAM = 758Y8RBM68;
				ENABLE_PREVIEWS = YES;
				INFOPLIST_FILE = Scryfall/Resources/Info.plist;
				IPHONEOS_DEPLOYMENT_TARGET = 14.0;
				LD_RUNPATH_SEARCH_PATHS = (
					"$(inherited)",
					"@executable_path/Frameworks",
				);
				PRODUCT_BUNDLE_IDENTIFIER = ru.aint.Scryfall;
				PRODUCT_NAME = "$(TARGET_NAME)";
				SWIFT_VERSION = 5.0;
				TARGETED_DEVICE_FAMILY = "1,2";
			};
			name = Release;
		};
		BCBE597426873E0A00677593 /* Debug */ = {
			isa = XCBuildConfiguration;
			buildSettings = {
				ALWAYS_EMBED_SWIFT_STANDARD_LIBRARIES = YES;
				BUNDLE_LOADER = "$(TEST_HOST)";
				CODE_SIGN_STYLE = Automatic;
				DEVELOPMENT_TEAM = 758Y8RBM68;
				INFOPLIST_FILE = ScryfallTests/Info.plist;
				IPHONEOS_DEPLOYMENT_TARGET = 14.0;
				LD_RUNPATH_SEARCH_PATHS = (
					"$(inherited)",
					"@executable_path/Frameworks",
					"@loader_path/Frameworks",
				);
				PRODUCT_BUNDLE_IDENTIFIER = ru.aint.ScryfallTests;
				PRODUCT_NAME = "$(TARGET_NAME)";
				SWIFT_VERSION = 5.0;
				TARGETED_DEVICE_FAMILY = "1,2";
				TEST_HOST = "$(BUILT_PRODUCTS_DIR)/Scryfall.app/Scryfall";
			};
			name = Debug;
		};
		BCBE597526873E0A00677593 /* Release */ = {
			isa = XCBuildConfiguration;
			buildSettings = {
				ALWAYS_EMBED_SWIFT_STANDARD_LIBRARIES = YES;
				BUNDLE_LOADER = "$(TEST_HOST)";
				CODE_SIGN_STYLE = Automatic;
				DEVELOPMENT_TEAM = 758Y8RBM68;
				INFOPLIST_FILE = ScryfallTests/Info.plist;
				IPHONEOS_DEPLOYMENT_TARGET = 14.0;
				LD_RUNPATH_SEARCH_PATHS = (
					"$(inherited)",
					"@executable_path/Frameworks",
					"@loader_path/Frameworks",
				);
				PRODUCT_BUNDLE_IDENTIFIER = ru.aint.ScryfallTests;
				PRODUCT_NAME = "$(TARGET_NAME)";
				SWIFT_VERSION = 5.0;
				TARGETED_DEVICE_FAMILY = "1,2";
				TEST_HOST = "$(BUILT_PRODUCTS_DIR)/Scryfall.app/Scryfall";
			};
			name = Release;
		};
		BCBE597726873E0A00677593 /* Debug */ = {
			isa = XCBuildConfiguration;
			buildSettings = {
				ALWAYS_EMBED_SWIFT_STANDARD_LIBRARIES = YES;
				CODE_SIGN_STYLE = Automatic;
				DEVELOPMENT_TEAM = 758Y8RBM68;
				INFOPLIST_FILE = ScryfallUITests/Info.plist;
				LD_RUNPATH_SEARCH_PATHS = (
					"$(inherited)",
					"@executable_path/Frameworks",
					"@loader_path/Frameworks",
				);
				PRODUCT_BUNDLE_IDENTIFIER = ru.aint.ScryfallUITests;
				PRODUCT_NAME = "$(TARGET_NAME)";
				SWIFT_VERSION = 5.0;
				TARGETED_DEVICE_FAMILY = "1,2";
				TEST_TARGET_NAME = Scryfall;
			};
			name = Debug;
		};
		BCBE597826873E0A00677593 /* Release */ = {
			isa = XCBuildConfiguration;
			buildSettings = {
				ALWAYS_EMBED_SWIFT_STANDARD_LIBRARIES = YES;
				CODE_SIGN_STYLE = Automatic;
				DEVELOPMENT_TEAM = 758Y8RBM68;
				INFOPLIST_FILE = ScryfallUITests/Info.plist;
				LD_RUNPATH_SEARCH_PATHS = (
					"$(inherited)",
					"@executable_path/Frameworks",
					"@loader_path/Frameworks",
				);
				PRODUCT_BUNDLE_IDENTIFIER = ru.aint.ScryfallUITests;
				PRODUCT_NAME = "$(TARGET_NAME)";
				SWIFT_VERSION = 5.0;
				TARGETED_DEVICE_FAMILY = "1,2";
				TEST_TARGET_NAME = Scryfall;
			};
			name = Release;
		};
/* End XCBuildConfiguration section */

/* Begin XCConfigurationList section */
		BCBE594126873E0800677593 /* Build configuration list for PBXProject "Scryfall" */ = {
			isa = XCConfigurationList;
			buildConfigurations = (
				BCBE596E26873E0A00677593 /* Debug */,
				BCBE596F26873E0A00677593 /* Release */,
			);
			defaultConfigurationIsVisible = 0;
			defaultConfigurationName = Release;
		};
		BCBE597026873E0A00677593 /* Build configuration list for PBXNativeTarget "Scryfall" */ = {
			isa = XCConfigurationList;
			buildConfigurations = (
				BCBE597126873E0A00677593 /* Debug */,
				BCBE597226873E0A00677593 /* Release */,
			);
			defaultConfigurationIsVisible = 0;
			defaultConfigurationName = Release;
		};
		BCBE597326873E0A00677593 /* Build configuration list for PBXNativeTarget "ScryfallTests" */ = {
			isa = XCConfigurationList;
			buildConfigurations = (
				BCBE597426873E0A00677593 /* Debug */,
				BCBE597526873E0A00677593 /* Release */,
			);
			defaultConfigurationIsVisible = 0;
			defaultConfigurationName = Release;
		};
		BCBE597626873E0A00677593 /* Build configuration list for PBXNativeTarget "ScryfallUITests" */ = {
			isa = XCConfigurationList;
			buildConfigurations = (
				BCBE597726873E0A00677593 /* Debug */,
				BCBE597826873E0A00677593 /* Release */,
			);
			defaultConfigurationIsVisible = 0;
			defaultConfigurationName = Release;
		};
/* End XCConfigurationList section */

/* Begin XCRemoteSwiftPackageReference section */
		BC36573426D23BF5001B82C5 /* XCRemoteSwiftPackageReference "SwiftUIX" */ = {
			isa = XCRemoteSwiftPackageReference;
			repositoryURL = "https://github.com/swiftuix/SwiftUIX";
			requirement = {
				kind = exactVersion;
				version = 0.0.8;
			};
		};
		BC41D8D8269AB73500989253 /* XCRemoteSwiftPackageReference "SVGKit" */ = {
			isa = XCRemoteSwiftPackageReference;
			repositoryURL = "https://github.com/SVGKit/SVGKit";
			requirement = {
				kind = upToNextMajorVersion;
				minimumVersion = 3.0.0;
			};
		};
/* End XCRemoteSwiftPackageReference section */

/* Begin XCSwiftPackageProductDependency section */
		BC36573526D23BF5001B82C5 /* SwiftUIX */ = {
			isa = XCSwiftPackageProductDependency;
			package = BC36573426D23BF5001B82C5 /* XCRemoteSwiftPackageReference "SwiftUIX" */;
			productName = SwiftUIX;
		};
		BC41D8D9269AB73500989253 /* SVGKitSwift */ = {
			isa = XCSwiftPackageProductDependency;
			package = BC41D8D8269AB73500989253 /* XCRemoteSwiftPackageReference "SVGKit" */;
			productName = SVGKitSwift;
		};
		BC41D8E7269AB80C00989253 /* SVGKit */ = {
			isa = XCSwiftPackageProductDependency;
			package = BC41D8D8269AB73500989253 /* XCRemoteSwiftPackageReference "SVGKit" */;
			productName = SVGKit;
		};
		BCBE597D2687402D00677593 /* ScryfallModel */ = {
			isa = XCSwiftPackageProductDependency;
			productName = ScryfallModel;
		};
/* End XCSwiftPackageProductDependency section */
	};
	rootObject = BCBE593E26873E0800677593 /* Project object */;
}
